
Microsoft Visual Studio Solution File, Format Version 12.00
# Visual Studio Version 16
VisualStudioVersion = 16.0.31321.278
MinimumVisualStudioVersion = 10.0.40219.1
Project("{9A19103F-16F7-4668-BE54-9A1E7A4F7556}") = "BudgetTracker", "BudgetTracker\BudgetTracker.csproj", "{466B0034-68C8-41CE-AA06-F3570EBEBD8A}"
EndProject
Project("{FAE04EC0-301F-11D3-BF4B-00C04F79EFBC}") = "BudgetTracker.UnitTests", "BudgetTracker.UnitTests\BudgetTracker.UnitTests.csproj", "{0A578F65-1D9D-4BDC-8E81-6FFC5D6E6D35}"
EndProject
Global
	GlobalSection(SolutionConfigurationPlatforms) = preSolution
		Debug|Any CPU = Debug|Any CPU
		Release|Any CPU = Release|Any CPU
	EndGlobalSection
	GlobalSection(ProjectConfigurationPlatforms) = postSolution
		{466B0034-68C8-41CE-AA06-F3570EBEBD8A}.Debug|Any CPU.ActiveCfg = Debug|Any CPU
		{466B0034-68C8-41CE-AA06-F3570EBEBD8A}.Debug|Any CPU.Build.0 = Debug|Any CPU
		{466B0034-68C8-41CE-AA06-F3570EBEBD8A}.Release|Any CPU.ActiveCfg = Release|Any CPU
		{466B0034-68C8-41CE-AA06-F3570EBEBD8A}.Release|Any CPU.Build.0 = Release|Any CPU
		{0A578F65-1D9D-4BDC-8E81-6FFC5D6E6D35}.Debug|Any CPU.ActiveCfg = Debug|Any CPU
		{0A578F65-1D9D-4BDC-8E81-6FFC5D6E6D35}.Debug|Any CPU.Build.0 = Debug|Any CPU
		{0A578F65-1D9D-4BDC-8E81-6FFC5D6E6D35}.Release|Any CPU.ActiveCfg = Release|Any CPU
		{0A578F65-1D9D-4BDC-8E81-6FFC5D6E6D35}.Release|Any CPU.Build.0 = Release|Any CPU
	EndGlobalSection
	GlobalSection(SolutionProperties) = preSolution
		HideSolutionNode = FALSE
	EndGlobalSection
	GlobalSection(ExtensibilityGlobals) = postSolution
		SolutionGuid = {BFD66557-96A7-4908-9127-BA920C70569C}
	EndGlobalSection
EndGlobal
